Microsoft Visual Studio Solution File, Format Version 12.00
# Visual Studio Version 16
VisualStudioVersion = 16.0.30611.23
MinimumVisualStudioVersion = 10.0.40219.1
Project("{8BC9CEB8-8B4A-11D0-8D11-00A0C91BC942}") = "ViGEmClient", "ViGEmClient\src\ViGEmClient.vcxproj", "{7DB06674-1F4F-464B-8E1C-172E9587F9DC}"
EndProject
Project("{2150E333-8FDC-42A3-9474-1A3956D46DE8}") = "Solution Items", "Solution Items", "{1E0515A5-B0AA-4821-90DE-C764A2C35AF2}"
	ProjectSection(SolutionItems) = preProject
		.gitignore = .gitignore
		_config.yml = _config.yml
		libwdi.patch = libwdi.patch
		LICENSE.txt = LICENSE.txt
		pre-build.cmd = pre-build.cmd
		README.md = README.md
		VigEmClient.patch = VigEmClient.patch
	EndProjectSection
EndProject
Project("{2150E333-8FDC-42A3-9474-1A3956D46DE8}") = "docs", "docs", "{B758C57A-D285-4991-96CF-8B166A4FE290}"
	ProjectSection(SolutionItems) = preProject
		docs\_config.yml = docs\_config.yml
		docs\CNAME = docs\CNAME
		docs\device_contributor_guide.md = docs\device_contributor_guide.md
		docs\index.md = docs\index.md
		docs\zadig.md = docs\zadig.md
	EndProjectSection
EndProject
Project("{2150E333-8FDC-42A3-9474-1A3956D46DE8}") = "presets", "presets", "{98CB9F55-4522-4F47-8C9F-79070A0C1464}"
	ProjectSection(SolutionItems) = preProject
		presets\madcatz_te2_zadig_preset.cfg = presets\madcatz_te2_zadig_preset.cfg
		presets\razer_atrox_zadig_preset.cfg = presets\razer_atrox_zadig_preset.cfg
	EndProjectSection
EndProject
Project("{8BC9CEB8-8B4A-11D0-8D11-00A0C91BC942}") = "XBOFS.win.qt5", "XBOFS.win.qt5\XBOFS.win.qt5.vcxproj", "{B12702AD-ABFB-343A-A199-8E24837244A3}"
	ProjectSection(ProjectDependencies) = postProject
		{E92A7135-2110-45FC-BEBD-D8207CF56D48} = {E92A7135-2110-45FC-BEBD-D8207CF56D48}
		{7DB06674-1F4F-464B-8E1C-172E9587F9DC} = {7DB06674-1F4F-464B-8E1C-172E9587F9DC}
	EndProjectSection
EndProject
Project("{8BC9CEB8-8B4A-11D0-8D11-00A0C91BC942}") = "XBOFS.win", "XBOFS.win\XBOFS.win.vcxproj", "{E92A7135-2110-45FC-BEBD-D8207CF56D48}"
	ProjectSection(ProjectDependencies) = postProject
		{7DB06674-1F4F-464B-8E1C-172E9587F9DC} = {7DB06674-1F4F-464B-8E1C-172E9587F9DC}
	EndProjectSection
EndProject
Project("{2150E333-8FDC-42A3-9474-1A3956D46DE8}") = "libwdi", "libwdi", "{F79DDA85-D1DA-43BB-ABB7-C9F7E415D0EB}"
EndProject
Project("{2150E333-8FDC-42A3-9474-1A3956D46DE8}") = "examples", "examples", "{CE152D17-B7D5-4ECA-9C6B-BFA86ACBFF75}"
EndProject
Project("{2150E333-8FDC-42A3-9474-1A3956D46DE8}") = "external utilities", "external utilities", "{B1F3B94A-4EC4-406E-9CBF-056E1EA03DE0}"
EndProject
Project("{8BC9CEB8-8B4A-11D0-8D11-00A0C91BC942}") = "libwdi (static)", "libwdi\libwdi\.msvc\libwdi_static.vcxproj", "{9AA0E745-1A0A-4700-8ECB-6A6DE9DBF8B9}"
EndProject
Project("{8BC9CEB8-8B4A-11D0-8D11-00A0C91BC942}") = "embedder", "libwdi\libwdi\.msvc\embedder.vcxproj", "{792D44D5-28A7-4EB3-B84B-8021FE3189F9}"
EndProject
Project("{8BC9CEB8-8B4A-11D0-8D11-00A0C91BC942}") = "wdi-simple", "libwdi\examples\.msvc\wdi-simple.vcxproj", "{84C746FC-0B8B-40C5-9FB0-5EDC8377506D}"
EndProject
Project("{8BC9CEB8-8B4A-11D0-8D11-00A0C91BC942}") = "zadic", "libwdi\examples\.msvc\zadic.vcxproj", "{F4938DB0-3DE7-4737-9C5A-EAD1BE819F87}"
EndProject
Project("{8BC9CEB8-8B4A-11D0-8D11-00A0C91BC942}") = "zadig", "libwdi\examples\.msvc\zadig.vcxproj", "{F7F7842F-2912-454E-ADF5-0B22987946E2}"
EndProject
Project("{8BC9CEB8-8B4A-11D0-8D11-00A0C91BC942}") = "libwdi (dll)", "libwdi\libwdi\.msvc\libwdi_dll.vcxproj", "{79275348-41A4-4D07-8990-4068C9594A2C}"
EndProject
Project("{8BC9CEB8-8B4A-11D0-8D11-00A0C91BC942}") = "installer_x86", "libwdi\libwdi\.msvc\installer_x86.vcxproj", "{9B1C561E-F95B-4849-A7AA-A4350E227C20}"
EndProject
Project("{8BC9CEB8-8B4A-11D0-8D11-00A0C91BC942}") = "installer_x64", "libwdi\libwdi\.msvc\installer_x64.vcxproj", "{E5A56EE0-182F-470F-8CDC-8C1B7B86EE26}"
EndProject
Project("{8BC9CEB8-8B4A-11D0-8D11-00A0C91BC942}") = "getopt", "libwdi\examples\getopt\.msvc\getopt.vcxproj", "{AE83E1B4-CE06-47EE-B7A3-C3A1D7C2D71E}"
EndProject
Project("{8BC9CEB8-8B4A-11D0-8D11-00A0C91BC942}") = "detect_64build", "libwdi\libwdi\.msvc\detect_64build.vcxproj", "{5FAEF8F7-C809-4A68-862F-F8BC6E775B61}"
EndProject
Global
	GlobalSection(SolutionConfigurationPlatforms) = preSolution
		Debug_DLL|Win32 = Debug_DLL|Win32
		Debug_DLL|x64 = Debug_DLL|x64
		Debug_LIB|Win32 = Debug_LIB|Win32
		Debug_LIB|x64 = Debug_LIB|x64
		Debug|Win32 = Debug|Win32
		Debug|x64 = Debug|x64
		Release_DLL|Win32 = Release_DLL|Win32
		Release_DLL|x64 = Release_DLL|x64
		Release_LIB|Win32 = Release_LIB|Win32
		Release_LIB|x64 = Release_LIB|x64
		Release|Win32 = Release|Win32
		Release|x64 = Release|x64
	EndGlobalSection
	GlobalSection(ProjectConfigurationPlatforms) = postSolution
		{7DB06674-1F4F-464B-8E1C-172E9587F9DC}.Debug_DLL|Win32.ActiveCfg = Debug_DLL|Win32
		{7DB06674-1F4F-464B-8E1C-172E9587F9DC}.Debug_DLL|Win32.Build.0 = Debug_DLL|Win32
		{7DB06674-1F4F-464B-8E1C-172E9587F9DC}.Debug_DLL|x64.ActiveCfg = Debug_DLL|x64
		{7DB06674-1F4F-464B-8E1C-172E9587F9DC}.Debug_DLL|x64.Build.0 = Debug_DLL|x64
		{7DB06674-1F4F-464B-8E1C-172E9587F9DC}.Debug_LIB|Win32.ActiveCfg = Debug_LIB|Win32
		{7DB06674-1F4F-464B-8E1C-172E9587F9DC}.Debug_LIB|Win32.Build.0 = Debug_LIB|Win32
		{7DB06674-1F4F-464B-8E1C-172E9587F9DC}.Debug_LIB|x64.ActiveCfg = Debug_LIB|x64
		{7DB06674-1F4F-464B-8E1C-172E9587F9DC}.Debug_LIB|x64.Build.0 = Debug_LIB|x64
		{7DB06674-1F4F-464B-8E1C-172E9587F9DC}.Debug|Win32.ActiveCfg = Debug_DLL|Win32
		{7DB06674-1F4F-464B-8E1C-172E9587F9DC}.Debug|Win32.Build.0 = Debug_DLL|Win32
		{7DB06674-1F4F-464B-8E1C-172E9587F9DC}.Debug|x64.ActiveCfg = Debug_LIB|x64
		{7DB06674-1F4F-464B-8E1C-172E9587F9DC}.Debug|x64.Build.0 = Debug_LIB|x64
		{7DB06674-1F4F-464B-8E1C-172E9587F9DC}.Release_DLL|Win32.ActiveCfg = Release_DLL|Win32
		{7DB06674-1F4F-464B-8E1C-172E9587F9DC}.Release_DLL|Win32.Build.0 = Release_DLL|Win32
		{7DB06674-1F4F-464B-8E1C-172E9587F9DC}.Release_DLL|x64.ActiveCfg = Release_DLL|x64
		{7DB06674-1F4F-464B-8E1C-172E9587F9DC}.Release_DLL|x64.Build.0 = Release_DLL|x64
		{7DB06674-1F4F-464B-8E1C-172E9587F9DC}.Release_LIB|Win32.ActiveCfg = Release_LIB|Win32
		{7DB06674-1F4F-464B-8E1C-172E9587F9DC}.Release_LIB|Win32.Build.0 = Release_LIB|Win32
		{7DB06674-1F4F-464B-8E1C-172E9587F9DC}.Release_LIB|x64.ActiveCfg = Release_LIB|x64
		{7DB06674-1F4F-464B-8E1C-172E9587F9DC}.Release_LIB|x64.Build.0 = Release_LIB|x64
		{7DB06674-1F4F-464B-8E1C-172E9587F9DC}.Release|Win32.ActiveCfg = Release_DLL|Win32
		{7DB06674-1F4F-464B-8E1C-172E9587F9DC}.Release|Win32.Build.0 = Release_DLL|Win32
		{7DB06674-1F4F-464B-8E1C-172E9587F9DC}.Release|x64.ActiveCfg = Release_LIB|x64
		{7DB06674-1F4F-464B-8E1C-172E9587F9DC}.Release|x64.Build.0 = Release_LIB|x64
		{B12702AD-ABFB-343A-A199-8E24837244A3}.Debug_DLL|Win32.ActiveCfg = Release|x64
		{B12702AD-ABFB-343A-A199-8E24837244A3}.Debug_DLL|Win32.Build.0 = Release|x64
		{B12702AD-ABFB-343A-A199-8E24837244A3}.Debug_DLL|x64.ActiveCfg = Debug|x64
		{B12702AD-ABFB-343A-A199-8E24837244A3}.Debug_DLL|x64.Build.0 = Debug|x64
		{B12702AD-ABFB-343A-A199-8E24837244A3}.Debug_LIB|Win32.ActiveCfg = Release|x64
		{B12702AD-ABFB-343A-A199-8E24837244A3}.Debug_LIB|Win32.Build.0 = Release|x64
		{B12702AD-ABFB-343A-A199-8E24837244A3}.Debug_LIB|x64.ActiveCfg = Debug|x64
		{B12702AD-ABFB-343A-A199-8E24837244A3}.Debug_LIB|x64.Build.0 = Debug|x64
		{B12702AD-ABFB-343A-A199-8E24837244A3}.Debug|Win32.ActiveCfg = Debug|x64
		{B12702AD-ABFB-343A-A199-8E24837244A3}.Debug|x64.ActiveCfg = Debug|x64
		{B12702AD-ABFB-343A-A199-8E24837244A3}.Debug|x64.Build.0 = Debug|x64
		{B12702AD-ABFB-343A-A199-8E24837244A3}.Release_DLL|Win32.ActiveCfg = Release|x64
		{B12702AD-ABFB-343A-A199-8E24837244A3}.Release_DLL|Win32.Build.0 = Release|x64
		{B12702AD-ABFB-343A-A199-8E24837244A3}.Release_DLL|x64.ActiveCfg = Release|x64
		{B12702AD-ABFB-343A-A199-8E24837244A3}.Release_DLL|x64.Build.0 = Release|x64
		{B12702AD-ABFB-343A-A199-8E24837244A3}.Release_LIB|Win32.ActiveCfg = Release|x64
		{B12702AD-ABFB-343A-A199-8E24837244A3}.Release_LIB|Win32.Build.0 = Release|x64
		{B12702AD-ABFB-343A-A199-8E24837244A3}.Release_LIB|x64.ActiveCfg = Release|x64
		{B12702AD-ABFB-343A-A199-8E24837244A3}.Release_LIB|x64.Build.0 = Release|x64
		{B12702AD-ABFB-343A-A199-8E24837244A3}.Release|Win32.ActiveCfg = Release|x64
		{B12702AD-ABFB-343A-A199-8E24837244A3}.Release|x64.ActiveCfg = Release|x64
		{B12702AD-ABFB-343A-A199-8E24837244A3}.Release|x64.Build.0 = Release|x64
		{E92A7135-2110-45FC-BEBD-D8207CF56D48}.Debug_DLL|Win32.ActiveCfg = Release_LIB|x64
		{E92A7135-2110-45FC-BEBD-D8207CF56D48}.Debug_DLL|Win32.Build.0 = Release_LIB|x64
		{E92A7135-2110-45FC-BEBD-D8207CF56D48}.Debug_DLL|x64.ActiveCfg = Debug_LIB|x64
		{E92A7135-2110-45FC-BEBD-D8207CF56D48}.Debug_DLL|x64.Build.0 = Debug_LIB|x64
		{E92A7135-2110-45FC-BEBD-D8207CF56D48}.Debug_LIB|Win32.ActiveCfg = Debug_LIB|x64
		{E92A7135-2110-45FC-BEBD-D8207CF56D48}.Debug_LIB|x64.ActiveCfg = Debug_LIB|x64
		{E92A7135-2110-45FC-BEBD-D8207CF56D48}.Debug_LIB|x64.Build.0 = Debug_LIB|x64
		{E92A7135-2110-45FC-BEBD-D8207CF56D48}.Debug|Win32.ActiveCfg = Release_LIB|x64
		{E92A7135-2110-45FC-BEBD-D8207CF56D48}.Debug|Win32.Build.0 = Release_LIB|x64
		{E92A7135-2110-45FC-BEBD-D8207CF56D48}.Debug|x64.ActiveCfg = Debug_LIB|x64
		{E92A7135-2110-45FC-BEBD-D8207CF56D48}.Debug|x64.Build.0 = Debug_LIB|x64
		{E92A7135-2110-45FC-BEBD-D8207CF56D48}.Release_DLL|Win32.ActiveCfg = Release_LIB|x64
		{E92A7135-2110-45FC-BEBD-D8207CF56D48}.Release_DLL|Win32.Build.0 = Release_LIB|x64
		{E92A7135-2110-45FC-BEBD-D8207CF56D48}.Release_DLL|x64.ActiveCfg = Release_LIB|x64
		{E92A7135-2110-45FC-BEBD-D8207CF56D48}.Release_DLL|x64.Build.0 = Release_LIB|x64
		{E92A7135-2110-45FC-BEBD-D8207CF56D48}.Release_LIB|Win32.ActiveCfg = Release_LIB|x64
		{E92A7135-2110-45FC-BEBD-D8207CF56D48}.Release_LIB|x64.ActiveCfg = Release_LIB|x64
		{E92A7135-2110-45FC-BEBD-D8207CF56D48}.Release_LIB|x64.Build.0 = Release_LIB|x64
		{E92A7135-2110-45FC-BEBD-D8207CF56D48}.Release|Win32.ActiveCfg = Release_LIB|x64
		{E92A7135-2110-45FC-BEBD-D8207CF56D48}.Release|Win32.Build.0 = Release_LIB|x64
		{E92A7135-2110-45FC-BEBD-D8207CF56D48}.Release|x64.ActiveCfg = Release_LIB|x64
		{E92A7135-2110-45FC-BEBD-D8207CF56D48}.Release|x64.Build.0 = Release_LIB|x64
		{9AA0E745-1A0A-4700-8ECB-6A6DE9DBF8B9}.Debug_DLL|Win32.ActiveCfg = Debug|Win32
		{9AA0E745-1A0A-4700-8ECB-6A6DE9DBF8B9}.Debug_DLL|Win32.Build.0 = Debug|Win32
		{9AA0E745-1A0A-4700-8ECB-6A6DE9DBF8B9}.Debug_DLL|x64.ActiveCfg = Debug|x64
		{9AA0E745-1A0A-4700-8ECB-6A6DE9DBF8B9}.Debug_DLL|x64.Build.0 = Debug|x64
		{9AA0E745-1A0A-4700-8ECB-6A6DE9DBF8B9}.Debug_LIB|Win32.ActiveCfg = Debug|Win32
		{9AA0E745-1A0A-4700-8ECB-6A6DE9DBF8B9}.Debug_LIB|Win32.Build.0 = Debug|Win32
		{9AA0E745-1A0A-4700-8ECB-6A6DE9DBF8B9}.Debug_LIB|x64.ActiveCfg = Debug|x64
		{9AA0E745-1A0A-4700-8ECB-6A6DE9DBF8B9}.Debug_LIB|x64.Build.0 = Debug|x64
		{9AA0E745-1A0A-4700-8ECB-6A6DE9DBF8B9}.Debug|Win32.ActiveCfg = Debug|Win32
		{9AA0E745-1A0A-4700-8ECB-6A6DE9DBF8B9}.Debug|Win32.Build.0 = Debug|Win32
		{9AA0E745-1A0A-4700-8ECB-6A6DE9DBF8B9}.Debug|x64.ActiveCfg = Debug|x64
		{9AA0E745-1A0A-4700-8ECB-6A6DE9DBF8B9}.Debug|x64.Build.0 = Debug|x64
		{9AA0E745-1A0A-4700-8ECB-6A6DE9DBF8B9}.Release_DLL|Win32.ActiveCfg = Release|Win32
		{9AA0E745-1A0A-4700-8ECB-6A6DE9DBF8B9}.Release_DLL|Win32.Build.0 = Release|Win32
		{9AA0E745-1A0A-4700-8ECB-6A6DE9DBF8B9}.Release_DLL|x64.ActiveCfg = Release|x64
		{9AA0E745-1A0A-4700-8ECB-6A6DE9DBF8B9}.Release_DLL|x64.Build.0 = Release|x64
		{9AA0E745-1A0A-4700-8ECB-6A6DE9DBF8B9}.Release_LIB|Win32.ActiveCfg = Release|Win32
		{9AA0E745-1A0A-4700-8ECB-6A6DE9DBF8B9}.Release_LIB|Win32.Build.0 = Release|Win32
		{9AA0E745-1A0A-4700-8ECB-6A6DE9DBF8B9}.Release_LIB|x64.ActiveCfg = Release|x64
		{9AA0E745-1A0A-4700-8ECB-6A6DE9DBF8B9}.Release_LIB|x64.Build.0 = Release|x64
		{9AA0E745-1A0A-4700-8ECB-6A6DE9DBF8B9}.Release|Win32.ActiveCfg = Release|Win32
		{9AA0E745-1A0A-4700-8ECB-6A6DE9DBF8B9}.Release|Win32.Build.0 = Release|Win32
		{9AA0E745-1A0A-4700-8ECB-6A6DE9DBF8B9}.Release|x64.ActiveCfg = Release|x64
		{9AA0E745-1A0A-4700-8ECB-6A6DE9DBF8B9}.Release|x64.Build.0 = Release|x64
		{792D44D5-28A7-4EB3-B84B-8021FE3189F9}.Debug_DLL|Win32.ActiveCfg = Debug|Win32
		{792D44D5-28A7-4EB3-B84B-8021FE3189F9}.Debug_DLL|Win32.Build.0 = Debug|Win32
		{792D44D5-28A7-4EB3-B84B-8021FE3189F9}.Debug_DLL|x64.ActiveCfg = Release|Win32
		{792D44D5-28A7-4EB3-B84B-8021FE3189F9}.Debug_DLL|x64.Build.0 = Release|Win32
		{792D44D5-28A7-4EB3-B84B-8021FE3189F9}.Debug_LIB|Win32.ActiveCfg = Debug|Win32
		{792D44D5-28A7-4EB3-B84B-8021FE3189F9}.Debug_LIB|Win32.Build.0 = Debug|Win32
		{792D44D5-28A7-4EB3-B84B-8021FE3189F9}.Debug_LIB|x64.ActiveCfg = Release|Win32
		{792D44D5-28A7-4EB3-B84B-8021FE3189F9}.Debug_LIB|x64.Build.0 = Release|Win32
		{792D44D5-28A7-4EB3-B84B-8021FE3189F9}.Debug|Win32.ActiveCfg = Debug|Win32
		{792D44D5-28A7-4EB3-B84B-8021FE3189F9}.Debug|Win32.Build.0 = Debug|Win32
		{792D44D5-28A7-4EB3-B84B-8021FE3189F9}.Debug|x64.ActiveCfg = Debug|Win32
		{792D44D5-28A7-4EB3-B84B-8021FE3189F9}.Debug|x64.Build.0 = Debug|Win32
		{792D44D5-28A7-4EB3-B84B-8021FE3189F9}.Release_DLL|Win32.ActiveCfg = Release|Win32
		{792D44D5-28A7-4EB3-B84B-8021FE3189F9}.Release_DLL|Win32.Build.0 = Release|Win32
		{792D44D5-28A7-4EB3-B84B-8021FE3189F9}.Release_DLL|x64.ActiveCfg = Release|Win32
		{792D44D5-28A7-4EB3-B84B-8021FE3189F9}.Release_DLL|x64.Build.0 = Release|Win32
		{792D44D5-28A7-4EB3-B84B-8021FE3189F9}.Release_LIB|Win32.ActiveCfg = Release|Win32
		{792D44D5-28A7-4EB3-B84B-8021FE3189F9}.Release_LIB|Win32.Build.0 = Release|Win32
		{792D44D5-28A7-4EB3-B84B-8021FE3189F9}.Release_LIB|x64.ActiveCfg = Release|Win32
		{792D44D5-28A7-4EB3-B84B-8021FE3189F9}.Release_LIB|x64.Build.0 = Release|Win32
		{792D44D5-28A7-4EB3-B84B-8021FE3189F9}.Release|Win32.ActiveCfg = Release|Win32
		{792D44D5-28A7-4EB3-B84B-8021FE3189F9}.Release|Win32.Build.0 = Release|Win32
		{792D44D5-28A7-4EB3-B84B-8021FE3189F9}.Release|x64.ActiveCfg = Release|Win32
		{792D44D5-28A7-4EB3-B84B-8021FE3189F9}.Release|x64.Build.0 = Release|Win32
		{84C746FC-0B8B-40C5-9FB0-5EDC8377506D}.Debug_DLL|Win32.ActiveCfg = Debug|Win32
		{84C746FC-0B8B-40C5-9FB0-5EDC8377506D}.Debug_DLL|Win32.Build.0 = Debug|Win32
		{84C746FC-0B8B-40C5-9FB0-5EDC8377506D}.Debug_DLL|x64.ActiveCfg = Debug|x64
		{84C746FC-0B8B-40C5-9FB0-5EDC8377506D}.Debug_DLL|x64.Build.0 = Debug|x64
		{84C746FC-0B8B-40C5-9FB0-5EDC8377506D}.Debug_LIB|Win32.ActiveCfg = Debug|Win32
		{84C746FC-0B8B-40C5-9FB0-5EDC8377506D}.Debug_LIB|Win32.Build.0 = Debug|Win32
		{84C746FC-0B8B-40C5-9FB0-5EDC8377506D}.Debug_LIB|x64.ActiveCfg = Debug|x64
		{84C746FC-0B8B-40C5-9FB0-5EDC8377506D}.Debug_LIB|x64.Build.0 = Debug|x64
		{84C746FC-0B8B-40C5-9FB0-5EDC8377506D}.Debug|Win32.ActiveCfg = Debug|Win32
		{84C746FC-0B8B-40C5-9FB0-5EDC8377506D}.Debug|Win32.Build.0 = Debug|Win32
		{84C746FC-0B8B-40C5-9FB0-5EDC8377506D}.Debug|x64.ActiveCfg = Debug|x64
		{84C746FC-0B8B-40C5-9FB0-5EDC8377506D}.Debug|x64.Build.0 = Debug|x64
		{84C746FC-0B8B-40C5-9FB0-5EDC8377506D}.Release_DLL|Win32.ActiveCfg = Release|Win32
		{84C746FC-0B8B-40C5-9FB0-5EDC8377506D}.Release_DLL|Win32.Build.0 = Release|Win32
		{84C746FC-0B8B-40C5-9FB0-5EDC8377506D}.Release_DLL|x64.ActiveCfg = Release|x64
		{84C746FC-0B8B-40C5-9FB0-5EDC8377506D}.Release_DLL|x64.Build.0 = Release|x64
		{84C746FC-0B8B-40C5-9FB0-5EDC8377506D}.Release_LIB|Win32.ActiveCfg = Release|Win32
		{84C746FC-0B8B-40C5-9FB0-5EDC8377506D}.Release_LIB|Win32.Build.0 = Release|Win32
		{84C746FC-0B8B-40C5-9FB0-5EDC8377506D}.Release_LIB|x64.ActiveCfg = Release|x64
		{84C746FC-0B8B-40C5-9FB0-5EDC8377506D}.Release_LIB|x64.Build.0 = Release|x64
		{84C746FC-0B8B-40C5-9FB0-5EDC8377506D}.Release|Win32.ActiveCfg = Release|Win32
		{84C746FC-0B8B-40C5-9FB0-5EDC8377506D}.Release|Win32.Build.0 = Release|Win32
		{84C746FC-0B8B-40C5-9FB0-5EDC8377506D}.Release|x64.ActiveCfg = Release|x64
		{84C746FC-0B8B-40C5-9FB0-5EDC8377506D}.Release|x64.Build.0 = Release|x64
		{F4938DB0-3DE7-4737-9C5A-EAD1BE819F87}.Debug_DLL|Win32.ActiveCfg = Debug|Win32
		{F4938DB0-3DE7-4737-9C5A-EAD1BE819F87}.Debug_DLL|Win32.Build.0 = Debug|Win32
		{F4938DB0-3DE7-4737-9C5A-EAD1BE819F87}.Debug_DLL|x64.ActiveCfg = Debug|x64
		{F4938DB0-3DE7-4737-9C5A-EAD1BE819F87}.Debug_DLL|x64.Build.0 = Debug|x64
		{F4938DB0-3DE7-4737-9C5A-EAD1BE819F87}.Debug_LIB|Win32.ActiveCfg = Debug|Win32
		{F4938DB0-3DE7-4737-9C5A-EAD1BE819F87}.Debug_LIB|Win32.Build.0 = Debug|Win32
		{F4938DB0-3DE7-4737-9C5A-EAD1BE819F87}.Debug_LIB|x64.ActiveCfg = Debug|x64
		{F4938DB0-3DE7-4737-9C5A-EAD1BE819F87}.Debug_LIB|x64.Build.0 = Debug|x64
		{F4938DB0-3DE7-4737-9C5A-EAD1BE819F87}.Debug|Win32.ActiveCfg = Debug|Win32
		{F4938DB0-3DE7-4737-9C5A-EAD1BE819F87}.Debug|Win32.Build.0 = Debug|Win32
		{F4938DB0-3DE7-4737-9C5A-EAD1BE819F87}.Debug|x64.ActiveCfg = Debug|x64
		{F4938DB0-3DE7-4737-9C5A-EAD1BE819F87}.Debug|x64.Build.0 = Debug|x64
		{F4938DB0-3DE7-4737-9C5A-EAD1BE819F87}.Release_DLL|Win32.ActiveCfg = Release|Win32
		{F4938DB0-3DE7-4737-9C5A-EAD1BE819F87}.Release_DLL|Win32.Build.0 = Release|Win32
		{F4938DB0-3DE7-4737-9C5A-EAD1BE819F87}.Release_DLL|x64.ActiveCfg = Release|x64
		{F4938DB0-3DE7-4737-9C5A-EAD1BE819F87}.Release_DLL|x64.Build.0 = Release|x64
		{F4938DB0-3DE7-4737-9C5A-EAD1BE819F87}.Release_LIB|Win32.ActiveCfg = Release|Win32
		{F4938DB0-3DE7-4737-9C5A-EAD1BE819F87}.Release_LIB|Win32.Build.0 = Release|Win32
		{F4938DB0-3DE7-4737-9C5A-EAD1BE819F87}.Release_LIB|x64.ActiveCfg = Release|x64
		{F4938DB0-3DE7-4737-9C5A-EAD1BE819F87}.Release_LIB|x64.Build.0 = Release|x64
		{F4938DB0-3DE7-4737-9C5A-EAD1BE819F87}.Release|Win32.ActiveCfg = Release|Win32
		{F4938DB0-3DE7-4737-9C5A-EAD1BE819F87}.Release|Win32.Build.0 = Release|Win32
		{F4938DB0-3DE7-4737-9C5A-EAD1BE819F87}.Release|x64.ActiveCfg = Release|x64
		{F4938DB0-3DE7-4737-9C5A-EAD1BE819F87}.Release|x64.Build.0 = Release|x64
		{F7F7842F-2912-454E-ADF5-0B22987946E2}.Debug_DLL|Win32.ActiveCfg = Debug|Win32
		{F7F7842F-2912-454E-ADF5-0B22987946E2}.Debug_DLL|Win32.Build.0 = Debug|Win32
		{F7F7842F-2912-454E-ADF5-0B22987946E2}.Debug_DLL|x64.ActiveCfg = Debug|x64
		{F7F7842F-2912-454E-ADF5-0B22987946E2}.Debug_DLL|x64.Build.0 = Debug|x64
		{F7F7842F-2912-454E-ADF5-0B22987946E2}.Debug_LIB|Win32.ActiveCfg = Debug|Win32
		{F7F7842F-2912-454E-ADF5-0B22987946E2}.Debug_LIB|Win32.Build.0 = Debug|Win32
		{F7F7842F-2912-454E-ADF5-0B22987946E2}.Debug_LIB|x64.ActiveCfg = Debug|x64
		{F7F7842F-2912-454E-ADF5-0B22987946E2}.Debug_LIB|x64.Build.0 = Debug|x64
		{F7F7842F-2912-454E-ADF5-0B22987946E2}.Debug|Win32.ActiveCfg = Debug|Win32
		{F7F7842F-2912-454E-ADF5-0B22987946E2}.Debug|Win32.Build.0 = Debug|Win32
		{F7F7842F-2912-454E-ADF5-0B22987946E2}.Debug|x64.ActiveCfg = Debug|x64
		{F7F7842F-2912-454E-ADF5-0B22987946E2}.Debug|x64.Build.0 = Debug|x64
		{F7F7842F-2912-454E-ADF5-0B22987946E2}.Release_DLL|Win32.ActiveCfg = Release|Win32
		{F7F7842F-2912-454E-ADF5-0B22987946E2}.Release_DLL|Win32.Build.0 = Release|Win32
		{F7F7842F-2912-454E-ADF5-0B22987946E2}.Release_DLL|x64.ActiveCfg = Release|x64
		{F7F7842F-2912-454E-ADF5-0B22987946E2}.Release_DLL|x64.Build.0 = Release|x64
		{F7F7842F-2912-454E-ADF5-0B22987946E2}.Release_LIB|Win32.ActiveCfg = Release|Win32
		{F7F7842F-2912-454E-ADF5-0B22987946E2}.Release_LIB|Win32.Build.0 = Release|Win32
		{F7F7842F-2912-454E-ADF5-0B22987946E2}.Release_LIB|x64.ActiveCfg = Release|x64
		{F7F7842F-2912-454E-ADF5-0B22987946E2}.Release_LIB|x64.Build.0 = Release|x64
		{F7F7842F-2912-454E-ADF5-0B22987946E2}.Release|Win32.ActiveCfg = Release|Win32
		{F7F7842F-2912-454E-ADF5-0B22987946E2}.Release|Win32.Build.0 = Release|Win32
		{F7F7842F-2912-454E-ADF5-0B22987946E2}.Release|x64.ActiveCfg = Release|x64
		{F7F7842F-2912-454E-ADF5-0B22987946E2}.Release|x64.Build.0 = Release|x64
		{79275348-41A4-4D07-8990-4068C9594A2C}.Debug_DLL|Win32.ActiveCfg = Debug|Win32
		{79275348-41A4-4D07-8990-4068C9594A2C}.Debug_DLL|Win32.Build.0 = Debug|Win32
		{79275348-41A4-4D07-8990-4068C9594A2C}.Debug_DLL|x64.ActiveCfg = Debug|x64
		{79275348-41A4-4D07-8990-4068C9594A2C}.Debug_DLL|x64.Build.0 = Debug|x64
		{79275348-41A4-4D07-8990-4068C9594A2C}.Debug_LIB|Win32.ActiveCfg = Debug|Win32
		{79275348-41A4-4D07-8990-4068C9594A2C}.Debug_LIB|Win32.Build.0 = Debug|Win32
		{79275348-41A4-4D07-8990-4068C9594A2C}.Debug_LIB|x64.ActiveCfg = Debug|x64
		{79275348-41A4-4D07-8990-4068C9594A2C}.Debug_LIB|x64.Build.0 = Debug|x64
		{79275348-41A4-4D07-8990-4068C9594A2C}.Debug|Win32.ActiveCfg = Debug|Win32
		{79275348-41A4-4D07-8990-4068C9594A2C}.Debug|x64.ActiveCfg = Debug|x64
		{79275348-41A4-4D07-8990-4068C9594A2C}.Release_DLL|Win32.ActiveCfg = Release|Win32
		{79275348-41A4-4D07-8990-4068C9594A2C}.Release_DLL|Win32.Build.0 = Release|Win32
		{79275348-41A4-4D07-8990-4068C9594A2C}.Release_DLL|x64.ActiveCfg = Release|x64
		{79275348-41A4-4D07-8990-4068C9594A2C}.Release_DLL|x64.Build.0 = Release|x64
		{79275348-41A4-4D07-8990-4068C9594A2C}.Release_LIB|Win32.ActiveCfg = Release|Win32
		{79275348-41A4-4D07-8990-4068C9594A2C}.Release_LIB|Win32.Build.0 = Release|Win32
		{79275348-41A4-4D07-8990-4068C9594A2C}.Release_LIB|x64.ActiveCfg = Release|x64
		{79275348-41A4-4D07-8990-4068C9594A2C}.Release_LIB|x64.Build.0 = Release|x64
		{79275348-41A4-4D07-8990-4068C9594A2C}.Release|Win32.ActiveCfg = Release|Win32
		{79275348-41A4-4D07-8990-4068C9594A2C}.Release|x64.ActiveCfg = Release|x64
		{9B1C561E-F95B-4849-A7AA-A4350E227C20}.Debug_DLL|Win32.ActiveCfg = Debug|Win32
		{9B1C561E-F95B-4849-A7AA-A4350E227C20}.Debug_DLL|Win32.Build.0 = Debug|Win32
		{9B1C561E-F95B-4849-A7AA-A4350E227C20}.Debug_DLL|x64.ActiveCfg = Release|Win32
		{9B1C561E-F95B-4849-A7AA-A4350E227C20}.Debug_DLL|x64.Build.0 = Release|Win32
		{9B1C561E-F95B-4849-A7AA-A4350E227C20}.Debug_LIB|Win32.ActiveCfg = Debug|Win32
		{9B1C561E-F95B-4849-A7AA-A4350E227C20}.Debug_LIB|Win32.Build.0 = Debug|Win32
		{9B1C561E-F95B-4849-A7AA-A4350E227C20}.Debug_LIB|x64.ActiveCfg = Release|Win32
		{9B1C561E-F95B-4849-A7AA-A4350E227C20}.Debug_LIB|x64.Build.0 = Release|Win32
		{9B1C561E-F95B-4849-A7AA-A4350E227C20}.Debug|Win32.ActiveCfg = Debug|Win32
		{9B1C561E-F95B-4849-A7AA-A4350E227C20}.Debug|Win32.Build.0 = Debug|Win32
		{9B1C561E-F95B-4849-A7AA-A4350E227C20}.Debug|x64.ActiveCfg = Debug|Win32
		{9B1C561E-F95B-4849-A7AA-A4350E227C20}.Release_DLL|Win32.ActiveCfg = Release|Win32
		{9B1C561E-F95B-4849-A7AA-A4350E227C20}.Release_DLL|Win32.Build.0 = Release|Win32
		{9B1C561E-F95B-4849-A7AA-A4350E227C20}.Release_DLL|x64.ActiveCfg = Release|Win32
		{9B1C561E-F95B-4849-A7AA-A4350E227C20}.Release_DLL|x64.Build.0 = Release|Win32
		{9B1C561E-F95B-4849-A7AA-A4350E227C20}.Release_LIB|Win32.ActiveCfg = Release|Win32
		{9B1C561E-F95B-4849-A7AA-A4350E227C20}.Release_LIB|Win32.Build.0 = Release|Win32
		{9B1C561E-F95B-4849-A7AA-A4350E227C20}.Release_LIB|x64.ActiveCfg = Release|Win32
		{9B1C561E-F95B-4849-A7AA-A4350E227C20}.Release_LIB|x64.Build.0 = Release|Win32
		{9B1C561E-F95B-4849-A7AA-A4350E227C20}.Release|Win32.ActiveCfg = Release|Win32
		{9B1C561E-F95B-4849-A7AA-A4350E227C20}.Release|Win32.Build.0 = Release|Win32
		{9B1C561E-F95B-4849-A7AA-A4350E227C20}.Release|x64.ActiveCfg = Release|Win32
		{E5A56EE0-182F-470F-8CDC-8C1B7B86EE26}.Debug_DLL|Win32.ActiveCfg = Debug|Win32
		{E5A56EE0-182F-470F-8CDC-8C1B7B86EE26}.Debug_DLL|Win32.Build.0 = Debug|Win32
		{E5A56EE0-182F-470F-8CDC-8C1B7B86EE26}.Debug_DLL|x64.ActiveCfg = Debug|x64
		{E5A56EE0-182F-470F-8CDC-8C1B7B86EE26}.Debug_DLL|x64.Build.0 = Debug|x64
		{E5A56EE0-182F-470F-8CDC-8C1B7B86EE26}.Debug_LIB|Win32.ActiveCfg = Debug|Win32
		{E5A56EE0-182F-470F-8CDC-8C1B7B86EE26}.Debug_LIB|Win32.Build.0 = Debug|Win32
		{E5A56EE0-182F-470F-8CDC-8C1B7B86EE26}.Debug_LIB|x64.ActiveCfg = Debug|x64
		{E5A56EE0-182F-470F-8CDC-8C1B7B86EE26}.Debug_LIB|x64.Build.0 = Debug|x64
		{E5A56EE0-182F-470F-8CDC-8C1B7B86EE26}.Debug|Win32.ActiveCfg = Debug|x64
		{E5A56EE0-182F-470F-8CDC-8C1B7B86EE26}.Debug|Win32.Build.0 = Debug|x64
		{E5A56EE0-182F-470F-8CDC-8C1B7B86EE26}.Debug|x64.ActiveCfg = Debug|x64
		{E5A56EE0-182F-470F-8CDC-8C1B7B86EE26}.Debug|x64.Build.0 = Debug|x64
		{E5A56EE0-182F-470F-8CDC-8C1B7B86EE26}.Release_DLL|Win32.ActiveCfg = Release|Win32
		{E5A56EE0-182F-470F-8CDC-8C1B7B86EE26}.Release_DLL|Win32.Build.0 = Release|Win32
		{E5A56EE0-182F-470F-8CDC-8C1B7B86EE26}.Release_DLL|x64.ActiveCfg = Release|x64
		{E5A56EE0-182F-470F-8CDC-8C1B7B86EE26}.Release_DLL|x64.Build.0 = Release|x64
		{E5A56EE0-182F-470F-8CDC-8C1B7B86EE26}.Release_LIB|Win32.ActiveCfg = Release|Win32
		{E5A56EE0-182F-470F-8CDC-8C1B7B86EE26}.Release_LIB|Win32.Build.0 = Release|Win32
		{E5A56EE0-182F-470F-8CDC-8C1B7B86EE26}.Release_LIB|x64.ActiveCfg = Release|x64
		{E5A56EE0-182F-470F-8CDC-8C1B7B86EE26}.Release_LIB|x64.Build.0 = Release|x64
		{E5A56EE0-182F-470F-8CDC-8C1B7B86EE26}.Release|Win32.ActiveCfg = Release|x64
		{E5A56EE0-182F-470F-8CDC-8C1B7B86EE26}.Release|Win32.Build.0 = Release|x64
		{E5A56EE0-182F-470F-8CDC-8C1B7B86EE26}.Release|x64.ActiveCfg = Release|x64
		{E5A56EE0-182F-470F-8CDC-8C1B7B86EE26}.Release|x64.Build.0 = Release|x64
		{AE83E1B4-CE06-47EE-B7A3-C3A1D7C2D71E}.Debug_DLL|Win32.ActiveCfg = Debug|Win32
		{AE83E1B4-CE06-47EE-B7A3-C3A1D7C2D71E}.Debug_DLL|Win32.Build.0 = Debug|Win32
		{AE83E1B4-CE06-47EE-B7A3-C3A1D7C2D71E}.Debug_DLL|x64.ActiveCfg = Debug|x64
		{AE83E1B4-CE06-47EE-B7A3-C3A1D7C2D71E}.Debug_DLL|x64.Build.0 = Debug|x64
		{AE83E1B4-CE06-47EE-B7A3-C3A1D7C2D71E}.Debug_LIB|Win32.ActiveCfg = Debug|Win32
		{AE83E1B4-CE06-47EE-B7A3-C3A1D7C2D71E}.Debug_LIB|Win32.Build.0 = Debug|Win32
		{AE83E1B4-CE06-47EE-B7A3-C3A1D7C2D71E}.Debug_LIB|x64.ActiveCfg = Debug|x64
		{AE83E1B4-CE06-47EE-B7A3-C3A1D7C2D71E}.Debug_LIB|x64.Build.0 = Debug|x64
		{AE83E1B4-CE06-47EE-B7A3-C3A1D7C2D71E}.Debug|Win32.ActiveCfg = Debug|Win32
		{AE83E1B4-CE06-47EE-B7A3-C3A1D7C2D71E}.Debug|Win32.Build.0 = Debug|Win32
		{AE83E1B4-CE06-47EE-B7A3-C3A1D7C2D71E}.Debug|x64.ActiveCfg = Debug|x64
		{AE83E1B4-CE06-47EE-B7A3-C3A1D7C2D71E}.Debug|x64.Build.0 = Debug|x64
		{AE83E1B4-CE06-47EE-B7A3-C3A1D7C2D71E}.Release_DLL|Win32.ActiveCfg = Release|Win32
		{AE83E1B4-CE06-47EE-B7A3-C3A1D7C2D71E}.Release_DLL|Win32.Build.0 = Release|Win32
		{AE83E1B4-CE06-47EE-B7A3-C3A1D7C2D71E}.Release_DLL|x64.ActiveCfg = Release|x64
		{AE83E1B4-CE06-47EE-B7A3-C3A1D7C2D71E}.Release_DLL|x64.Build.0 = Release|x64
		{AE83E1B4-CE06-47EE-B7A3-C3A1D7C2D71E}.Release_LIB|Win32.ActiveCfg = Release|Win32
		{AE83E1B4-CE06-47EE-B7A3-C3A1D7C2D71E}.Release_LIB|Win32.Build.0 = Release|Win32
		{AE83E1B4-CE06-47EE-B7A3-C3A1D7C2D71E}.Release_LIB|x64.ActiveCfg = Release|x64
		{AE83E1B4-CE06-47EE-B7A3-C3A1D7C2D71E}.Release_LIB|x64.Build.0 = Release|x64
		{AE83E1B4-CE06-47EE-B7A3-C3A1D7C2D71E}.Release|Win32.ActiveCfg = Release|Win32
		{AE83E1B4-CE06-47EE-B7A3-C3A1D7C2D71E}.Release|Win32.Build.0 = Release|Win32
		{AE83E1B4-CE06-47EE-B7A3-C3A1D7C2D71E}.Release|x64.ActiveCfg = Release|x64
		{AE83E1B4-CE06-47EE-B7A3-C3A1D7C2D71E}.Release|x64.Build.0 = Release|x64
		{5FAEF8F7-C809-4A68-862F-F8BC6E775B61}.Debug_DLL|Win32.ActiveCfg = Debug|Win32
		{5FAEF8F7-C809-4A68-862F-F8BC6E775B61}.Debug_DLL|Win32.Build.0 = Debug|Win32
		{5FAEF8F7-C809-4A68-862F-F8BC6E775B61}.Debug_DLL|x64.ActiveCfg = Debug|x64
		{5FAEF8F7-C809-4A68-862F-F8BC6E775B61}.Debug_DLL|x64.Build.0 = Debug|x64
		{5FAEF8F7-C809-4A68-862F-F8BC6E775B61}.Debug_LIB|Win32.ActiveCfg = Debug|Win32
		{5FAEF8F7-C809-4A68-862F-F8BC6E775B61}.Debug_LIB|Win32.Build.0 = Debug|Win32
		{5FAEF8F7-C809-4A68-862F-F8BC6E775B61}.Debug_LIB|x64.ActiveCfg = Debug|x64
		{5FAEF8F7-C809-4A68-862F-F8BC6E775B61}.Debug_LIB|x64.Build.0 = Debug|x64
		{5FAEF8F7-C809-4A68-862F-F8BC6E775B61}.Debug|Win32.ActiveCfg = Debug|Win32
		{5FAEF8F7-C809-4A68-862F-F8BC6E775B61}.Debug|Win32.Build.0 = Debug|Win32
		{5FAEF8F7-C809-4A68-862F-F8BC6E775B61}.Debug|x64.ActiveCfg = Debug|x64
		{5FAEF8F7-C809-4A68-862F-F8BC6E775B61}.Debug|x64.Build.0 = Debug|x64
		{5FAEF8F7-C809-4A68-862F-F8BC6E775B61}.Release_DLL|Win32.ActiveCfg = Release|Win32
		{5FAEF8F7-C809-4A68-862F-F8BC6E775B61}.Release_DLL|Win32.Build.0 = Release|Win32
		{5FAEF8F7-C809-4A68-862F-F8BC6E775B61}.Release_DLL|x64.ActiveCfg = Release|x64
		{5FAEF8F7-C809-4A68-862F-F8BC6E775B61}.Release_DLL|x64.Build.0 = Release|x64
		{5FAEF8F7-C809-4A68-862F-F8BC6E775B61}.Release_LIB|Win32.ActiveCfg = Release|Win32
		{5FAEF8F7-C809-4A68-862F-F8BC6E775B61}.Release_LIB|Win32.Build.0 = Release|Win32
		{5FAEF8F7-C809-4A68-862F-F8BC6E775B61}.Release_LIB|x64.ActiveCfg = Release|x64
		{5FAEF8F7-C809-4A68-862F-F8BC6E775B61}.Release_LIB|x64.Build.0 = Release|x64
		{5FAEF8F7-C809-4A68-862F-F8BC6E775B61}.Release|Win32.ActiveCfg = Release|Win32
		{5FAEF8F7-C809-4A68-862F-F8BC6E775B61}.Release|Win32.Build.0 = Release|Win32
		{5FAEF8F7-C809-4A68-862F-F8BC6E775B61}.Release|x64.ActiveCfg = Release|x64
		{5FAEF8F7-C809-4A68-862F-F8BC6E775B61}.Release|x64.Build.0 = Release|x64
	EndGlobalSection
	GlobalSection(SolutionProperties) = preSolution
		HideSolutionNode = FALSE
	EndGlobalSection
	GlobalSection(NestedProjects) = preSolution
		{B758C57A-D285-4991-96CF-8B166A4FE290} = {1E0515A5-B0AA-4821-90DE-C764A2C35AF2}
		{98CB9F55-4522-4F47-8C9F-79070A0C1464} = {1E0515A5-B0AA-4821-90DE-C764A2C35AF2}
		{CE152D17-B7D5-4ECA-9C6B-BFA86ACBFF75} = {F79DDA85-D1DA-43BB-ABB7-C9F7E415D0EB}
		{B1F3B94A-4EC4-406E-9CBF-056E1EA03DE0} = {CE152D17-B7D5-4ECA-9C6B-BFA86ACBFF75}
		{9AA0E745-1A0A-4700-8ECB-6A6DE9DBF8B9} = {F79DDA85-D1DA-43BB-ABB7-C9F7E415D0EB}
		{792D44D5-28A7-4EB3-B84B-8021FE3189F9} = {F79DDA85-D1DA-43BB-ABB7-C9F7E415D0EB}
		{84C746FC-0B8B-40C5-9FB0-5EDC8377506D} = {CE152D17-B7D5-4ECA-9C6B-BFA86ACBFF75}
		{F4938DB0-3DE7-4737-9C5A-EAD1BE819F87} = {CE152D17-B7D5-4ECA-9C6B-BFA86ACBFF75}
		{F7F7842F-2912-454E-ADF5-0B22987946E2} = {CE152D17-B7D5-4ECA-9C6B-BFA86ACBFF75}
		{79275348-41A4-4D07-8990-4068C9594A2C} = {F79DDA85-D1DA-43BB-ABB7-C9F7E415D0EB}
		{9B1C561E-F95B-4849-A7AA-A4350E227C20} = {F79DDA85-D1DA-43BB-ABB7-C9F7E415D0EB}
		{E5A56EE0-182F-470F-8CDC-8C1B7B86EE26} = {F79DDA85-D1DA-43BB-ABB7-C9F7E415D0EB}
		{AE83E1B4-CE06-47EE-B7A3-C3A1D7C2D71E} = {B1F3B94A-4EC4-406E-9CBF-056E1EA03DE0}
		{5FAEF8F7-C809-4A68-862F-F8BC6E775B61} = {F79DDA85-D1DA-43BB-ABB7-C9F7E415D0EB}
	EndGlobalSection
	GlobalSection(ExtensibilityGlobals) = postSolution
		SolutionGuid = {B5964061-63A6-4D2B-9142-462BCF9B6748}
	EndGlobalSection
EndGlobal
